{
  "originHash" : "c08f4876098400fa103329155df28bbe648617cbc9917575c468c472068a5645",
  "pins" : [
    {
      "identity" : "async-http-client",
      "kind" : "remoteSourceControl",
      "location" : "https://github.com/swift-server/async-http-client.git",
      "state" : {
        "revision" : "c464bf94eac4273cad7424307a5dc7e44e361905",
        "version" : "1.30.1"
      }
    },
    {
      "identity" : "async-kit",
      "kind" : "remoteSourceControl",
      "location" : "https://github.com/vapor/async-kit.git",
      "state" : {
        "revision" : "6f3615ccf2ac3c2ae0c8087d527546e9544a43dd",
        "version" : "1.21.0"
      }
    },
    {
      "identity" : "console-kit",
      "kind" : "remoteSourceControl",
      "location" : "https://github.com/vapor/console-kit.git",
      "state" : {
        "revision" : "742f624a998cba2a9e653d9b1e91ad3f3a5dff6b",
        "version" : "4.15.2"
      }
    },
    {
      "identity" : "fluent",
      "kind" : "remoteSourceControl",
      "location" : "https://github.com/vapor/fluent.git",
      "state" : {
        "revision" : "2fe9e36daf4bdb5edcf193e0d0806ba2074d2864",
        "version" : "4.13.0"
      }
    },
    {
      "identity" : "fluent-dto-macro",
      "kind" : "remoteSourceControl",
      "location" : "https://github.com/dioKaratzas/fluent-dto-macro.git",
      "state" : {
        "revision" : "e7c929975f0f638a37864429ef91cd1f2e454575",
        "version" : "1.1.1"
      }
    },
    {
      "identity" : "fluent-kit",
      "kind" : "remoteSourceControl",
      "location" : "https://github.com/vapor/fluent-kit.git",
      "state" : {
        "revision" : "0272fdaf7cf6f482c2799026c0695f5fe40e3e8c",
        "version" : "1.53.0"
      }
    },
    {
      "identity" : "fluent-postgres-driver",
      "kind" : "remoteSourceControl",
      "location" : "https://github.com/vapor/fluent-postgres-driver.git",
      "state" : {
        "revision" : "59bff45a41d1ece1950bb8a6e0006d88c1fb6e69",
        "version" : "2.12.0"
      }
    },
    {
      "identity" : "jmespath.swift",
      "kind" : "remoteSourceControl",
      "location" : "https://github.com/jmespath/jmespath.swift.git",
      "state" : {
        "revision" : "3877a5060e85ae33e3b9fe51ab581784f65ec80e",
        "version" : "1.0.3"
      }
    },
    {
      "identity" : "jwt",
      "kind" : "remoteSourceControl",
      "location" : "https://github.com/vapor/jwt.git",
      "state" : {
        "revision" : "af1c59762d70d1065ddbc0d7902ea9b3dacd1a26",
        "version" : "5.1.2"
      }
    },
    {
      "identity" : "jwt-kit",
      "kind" : "remoteSourceControl",
      "location" : "https://github.com/vapor/jwt-kit.git",
      "state" : {
        "revision" : "b5f82fb9dc238f2fcac53d721a222513a152613c",
        "version" : "5.3.0"
      }
    },
    {
      "identity" : "leaf",
      "kind" : "remoteSourceControl",
      "location" : "https://github.com/Butanediol/leaf.git",
      "state" : {
        "branch" : "main",
        "revision" : "1beef8495ad20dcc33fbb6f40cc76cb31ec3b5c0"
      }
    },
    {
      "identity" : "leaf-kit",
      "kind" : "remoteSourceControl",
      "location" : "https://github.com/Butanediol/leaf-kit.git",
      "state" : {
        "branch" : "main",
        "revision" : "5b2dcb142502d20e19b166ddfdff33f84f7c845c"
      }
    },
    {
      "identity" : "multipart-kit",
      "kind" : "remoteSourceControl",
      "location" : "https://github.com/vapor/multipart-kit.git",
      "state" : {
        "revision" : "3498e60218e6003894ff95192d756e238c01f44e",
        "version" : "4.7.1"
      }
    },
    {
      "identity" : "postgres-kit",
      "kind" : "remoteSourceControl",
      "location" : "https://github.com/vapor/postgres-kit.git",
      "state" : {
        "revision" : "fe44bbe35a6852730e76891b1fb36c533ecec3f6",
        "version" : "2.15.0"
      }
    },
    {
      "identity" : "postgres-nio",
      "kind" : "remoteSourceControl",
      "location" : "https://github.com/vapor/postgres-nio.git",
      "state" : {
        "revision" : "4795a0b0762c5cca843a720969c9dfee378e5120",
        "version" : "1.29.0"
      }
    },
    {
      "identity" : "queues",
      "kind" : "remoteSourceControl",
      "location" : "https://github.com/vapor/queues.git",
      "state" : {
        "revision" : "f1764d5fef7e8ede8f3585deb63ece01ea25c2db",
        "version" : "1.17.2"
      }
    },
    {
      "identity" : "queues-redis-driver",
      "kind" : "remoteSourceControl",
      "location" : "https://github.com/vapor/queues-redis-driver.git",
      "state" : {
        "revision" : "a3dac0d311cead67917ad4221feb061e3609b145",
        "version" : "1.1.2"
      }
    },
    {
      "identity" : "redis",
      "kind" : "remoteSourceControl",
      "location" : "https://github.com/vapor/redis.git",
      "state" : {
        "revision" : "bc960cc856ef9fd5da760d6a3afedb93fc92aa00",
        "version" : "4.14.0"
      }
    },
    {
      "identity" : "redistack",
      "kind" : "remoteSourceControl",
      "location" : "https://github.com/swift-server/RediStack.git",
      "state" : {
        "revision" : "622ce440f90d79b58e45f3a3efdd64c51d1dfd17",
        "version" : "1.6.2"
      }
    },
    {
      "identity" : "routing-kit",
      "kind" : "remoteSourceControl",
      "location" : "https://github.com/vapor/routing-kit.git",
      "state" : {
        "revision" : "1a10ccea61e4248effd23b6e814999ce7bdf0ee0",
        "version" : "4.9.3"
      }
    },
    {
      "identity" : "soto",
      "kind" : "remoteSourceControl",
      "location" : "https://github.com/soto-project/soto.git",
      "state" : {
        "revision" : "bdfcc97e2472061ddf3035e74aec57245a55396f",
        "version" : "7.10.0"
      }
    },
    {
      "identity" : "soto-core",
      "kind" : "remoteSourceControl",
      "location" : "https://github.com/soto-project/soto-core.git",
      "state" : {
        "revision" : "6ed8bfde45bbee4c290dff732b05a2c6f0b8daf8",
        "version" : "7.9.0"
      }
    },
    {
      "identity" : "sql-kit",
      "kind" : "remoteSourceControl",
      "location" : "https://github.com/vapor/sql-kit.git",
      "state" : {
        "revision" : "1a9ab0523fb742d9629558cede64290165c4285b",
        "version" : "3.33.2"
      }
    },
    {
      "identity" : "sql-kit-extras",
      "kind" : "remoteSourceControl",
      "location" : "https://github.com/vapor-community/sql-kit-extras.git",
      "state" : {
        "revision" : "c86312462f0f44c93ff1e0028d76170744f02330",
        "version" : "0.0.9"
      }
    },
    {
      "identity" : "swift-algorithms",
      "kind" : "remoteSourceControl",
      "location" : "https://github.com/apple/swift-algorithms.git",
      "state" : {
        "revision" : "87e50f483c54e6efd60e885f7f5aa946cee68023",
        "version" : "1.2.1"
      }
    },
    {
      "identity" : "swift-asn1",
      "kind" : "remoteSourceControl",
      "location" : "https://github.com/apple/swift-asn1.git",
      "state" : {
        "revision" : "810496cf121e525d660cd0ea89a758740476b85f",
        "version" : "1.5.1"
      }
    },
    {
      "identity" : "swift-async-algorithms",
      "kind" : "remoteSourceControl",
      "location" : "https://github.com/apple/swift-async-algorithms.git",
      "state" : {
        "revision" : "6c050d5ef8e1aa6342528460db614e9770d7f804",
        "version" : "1.1.1"
      }
    },
    {
      "identity" : "swift-atomics",
      "kind" : "remoteSourceControl",
      "location" : "https://github.com/apple/swift-atomics.git",
      "state" : {
        "revision" : "b601256eab081c0f92f059e12818ac1d4f178ff7",
        "version" : "1.3.0"
      }
    },
    {
      "identity" : "swift-certificates",
      "kind" : "remoteSourceControl",
      "location" : "https://github.com/apple/swift-certificates.git",
      "state" : {
        "revision" : "133a347911b6ad0fc8fe3bf46ca90c66cff97130",
        "version" : "1.17.0"
      }
    },
    {
      "identity" : "swift-collections",
      "kind" : "remoteSourceControl",
      "location" : "https://github.com/apple/swift-collections.git",
      "state" : {
        "revision" : "7b847a3b7008b2dc2f47ca3110d8c782fb2e5c7e",
        "version" : "1.3.0"
      }
    },
    {
      "identity" : "swift-crypto",
      "kind" : "remoteSourceControl",
      "location" : "https://github.com/apple/swift-crypto.git",
      "state" : {
        "revision" : "6f70fa9eab24c1fd982af18c281c4525d05e3095",
        "version" : "4.2.0"
      }
    },
    {
      "identity" : "swift-distributed-tracing",
      "kind" : "remoteSourceControl",
      "location" : "https://github.com/apple/swift-distributed-tracing.git",
      "state" : {
        "revision" : "baa932c1336f7894145cbaafcd34ce2dd0b77c97",
        "version" : "1.3.1"
      }
    },
    {
      "identity" : "swift-http-structured-headers",
      "kind" : "remoteSourceControl",
      "location" : "https://github.com/apple/swift-http-structured-headers.git",
      "state" : {
        "revision" : "76d7627bd88b47bf5a0f8497dd244885960dde0b",
        "version" : "1.6.0"
      }
    },
    {
      "identity" : "swift-http-types",
      "kind" : "remoteSourceControl",
      "location" : "https://github.com/apple/swift-http-types.git",
      "state" : {
        "revision" : "45eb0224913ea070ec4fba17291b9e7ecf4749ca",
        "version" : "1.5.1"
      }
    },
    {
      "identity" : "swift-log",
      "kind" : "remoteSourceControl",
      "location" : "https://github.com/apple/swift-log.git",
      "state" : {
        "revision" : "b1fa4ef41fe21b13120c034854042d12c43f66b2",
        "version" : "1.7.1"
      }
    },
    {
      "identity" : "swift-metrics",
      "kind" : "remoteSourceControl",
      "location" : "https://github.com/apple/swift-metrics.git",
      "state" : {
        "revision" : "0743a9364382629da3bf5677b46a2c4b1ce5d2a6",
        "version" : "2.7.1"
      }
    },
    {
      "identity" : "swift-nio",
      "kind" : "remoteSourceControl",
      "location" : "https://github.com/apple/swift-nio.git",
      "state" : {
        "revision" : "663ddc80f2081c8f22e417cbac5f80270a93795e",
        "version" : "2.91.0"
      }
    },
    {
      "identity" : "swift-nio-extras",
      "kind" : "remoteSourceControl",
      "location" : "https://github.com/apple/swift-nio-extras.git",
      "state" : {
        "revision" : "a46134557b0aec5e94e2de13a9dfc6474caf4c18",
        "version" : "1.31.1"
      }
    },
    {
      "identity" : "swift-nio-http2",
      "kind" : "remoteSourceControl",
      "location" : "https://github.com/apple/swift-nio-http2.git",
      "state" : {
        "revision" : "c2ba4cfbb83f307c66f5a6df6bb43e3c88dfbf80",
        "version" : "1.39.0"
      }
    },
    {
      "identity" : "swift-nio-ssl",
      "kind" : "remoteSourceControl",
      "location" : "https://github.com/apple/swift-nio-ssl.git",
      "state" : {
        "revision" : "173cc69a058623525a58ae6710e2f5727c663793",
        "version" : "2.36.0"
      }
    },
    {
      "identity" : "swift-nio-transport-services",
      "kind" : "remoteSourceControl",
      "location" : "https://github.com/apple/swift-nio-transport-services.git",
      "state" : {
        "revision" : "60c3e187154421171721c1a38e800b390680fb5d",
        "version" : "1.26.0"
      }
    },
    {
      "identity" : "swift-numerics",
      "kind" : "remoteSourceControl",
      "location" : "https://github.com/apple/swift-numerics.git",
      "state" : {
        "revision" : "0c0290ff6b24942dadb83a929ffaaa1481df04a2",
        "version" : "1.1.1"
      }
    },
    {
      "identity" : "swift-service-context",
      "kind" : "remoteSourceControl",
      "location" : "https://github.com/apple/swift-service-context.git",
      "state" : {
        "revision" : "1983448fefc717a2bc2ebde5490fe99873c5b8a6",
        "version" : "1.2.1"
      }
    },
    {
      "identity" : "swift-service-lifecycle",
      "kind" : "remoteSourceControl",
      "location" : "https://github.com/swift-server/swift-service-lifecycle.git",
      "state" : {
        "revision" : "1de37290c0ab3c5a96028e0f02911b672fd42348",
        "version" : "2.9.1"
      }
    },
    {
      "identity" : "swift-syntax",
      "kind" : "remoteSourceControl",
      "location" : "https://github.com/swiftlang/swift-syntax.git",
      "state" : {
        "revision" : "0687f71944021d616d34d922343dcef086855920",
        "version" : "600.0.1"
      }
    },
    {
      "identity" : "swift-system",
      "kind" : "remoteSourceControl",
      "location" : "https://github.com/apple/swift-system.git",
      "state" : {
        "revision" : "395a77f0aa927f0ff73941d7ac35f2b46d47c9db",
        "version" : "1.6.3"
      }
    },
    {
      "identity" : "swiftopenapi",
      "kind" : "remoteSourceControl",
      "location" : "https://github.com/dankinsoid/SwiftOpenAPI.git",
      "state" : {
        "revision" : "ed87ce7498417c1ef7e131ec4c7e26b566247f8c",
        "version" : "2.25.0"
      }
    },
    {
      "identity" : "vapor",
      "kind" : "remoteSourceControl",
      "location" : "https://github.com/vapor/vapor.git",
      "state" : {
        "revision" : "6b7a70a607e61f81214f09130009af4ed76d9d62",
        "version" : "4.119.2"
      }
    },
    {
      "identity" : "vaportoopenapi",
      "kind" : "remoteSourceControl",
      "location" : "https://github.com/dankinsoid/VaporToOpenAPI",
      "state" : {
        "revision" : "d8e496d172fc3b5c5b59850a467c391063c239ac",
        "version" : "4.9.1"
      }
    },
    {
      "identity" : "websocket-kit",
      "kind" : "remoteSourceControl",
      "location" : "https://github.com/vapor/websocket-kit.git",
      "state" : {
        "revision" : "8666c92dbbb3c8eefc8008c9c8dcf50bfd302167",
        "version" : "2.16.1"
      }
    }
  ],
  "version" : 3
}
